{
  "2021": "sha256-6hDL52BnwAW8DNUO54TTssB0J6JFh2Zs6Bk174WJBUo=",
  "2022": "sha256-qt3g8BMpyM5IR2dGe8irjD/Q59Db8iZSfm1g0T9Egv0=",
  "2023": "sha256-9DrhU9INf7mzOl85H4BgSlSFApl5wQ3I5ThvKGa0FV4=",
  "2024": "sha256-Qk3prMq/A2Bwd/1HRcJeGhbiX1iFJcwjxD2ZHgUqjw8=",
  "2025": "sha256-K1NUH6ck6nrhG7YDEpBJ4EqSw84Axl+XU6V7ukOLmuk=",
  "2026": "sha256-EsIQ8uVLLXpBcMvh+c18aiHSoqt+/cThPYjUlevKSYc=",
  "modified": "sha256-kgVrMLe+feb2wNWwggjjBeA6i+OxfHoRYlND5Rrj2YA="
}
