{
  "2021": "sha256-dDzjg+rRD7lQe/fX69p1VdO6V1n9QJLe55LTwfi7B/Q=",
  "2022": "sha256-gwgpLw2vUyPmbz76ckIWqUcgq+btxwfVDX5iDUSlmos=",
  "2023": "sha256-W/woht54pzHz/2cM4hKbSOELwCbG6g9z+kE9jMGNrfY=",
  "2024": "sha256-6sPXxkucDMqrhap/UkcKx58fRplIBlFK2t944EOGMYY=",
  "2025": "sha256-KXIe5BWFFl4RyimhmRAPKTKS3chCsov8JRDS5ITAYFM=",
  "2026": "sha256-V1CHsqs8iiw6aQIUrII3RG4BUqP5Wup0qWgZAZy2jYQ=",
  "modified": "sha256-yQ4tU+/jAusm7JDohyvmPwS3S1B64GSko1fqb2fjHhw="
}
