{
  "2021": "sha256-RBJUaLQMpN2SXEathj+k8gFxjw0NaJvV6BydHZcl4vw=",
  "2022": "sha256-2xvKH8LwVn59r1j127BRl1iqMO6z7B2suW8alC3133c=",
  "2023": "sha256-Pksa2Gv4S725gjev4eeDUCw4KwESgkqspfE/mQXRFqU=",
  "2024": "sha256-jMOVTylvb/9RMhMaCGqK9ChXtQIfGkn8DPlYAlu1vDA=",
  "2025": "sha256-kjWTP8AjpazEL+ESbecLYnnaw9/jiaZDxEzILce/7RY=",
  "2026": "sha256-Njkkcrt0lGFHAzqi/zimSREipSP/4XU030u00nnAe0Y=",
  "modified": "sha256-ocq+cOJBf7ZMzD7FKygJdO6YlxtPavZQPGKqSNrgESw="
}
